
Microsoft Visual Studio Solution File, Format Version 12.00
# Visual Studio 15
VisualStudioVersion = 15.0.27130.2010
MinimumVisualStudioVersion = 10.0.40219.1
Project("{FAE04EC0-301F-11D3-BF4B-00C04F79EFBC}") = "Makale.Web.MVC", "Makale.Web.MVC\Makale.Web.MVC.csproj", "{8D0310A9-E388-442B-8FF2-A6FD2E661C89}"
EndProject
Project("{FAE04EC0-301F-11D3-BF4B-00C04F79EFBC}") = "Makale.BLL", "Makale.BLL\Makale.BLL.csproj", "{27CA0D42-1409-4B5E-A6CC-2AB429C6A96E}"
EndProject
Project("{FAE04EC0-301F-11D3-BF4B-00C04F79EFBC}") = "Makale.DAL", "Makale.DAL\Makale.DAL.csproj", "{D185E3AD-DF67-4F5F-9557-4AEA6B456259}"
EndProject
Project("{FAE04EC0-301F-11D3-BF4B-00C04F79EFBC}") = "Makale.Models", "Makale.Models\Makale.Models.csproj", "{8FB65A75-D17C-4C98-95A0-1DE25B485409}"
EndProject
Global
	GlobalSection(SolutionConfigurationPlatforms) = preSolution
		Debug|Any CPU = Debug|Any CPU
		Release|Any CPU = Release|Any CPU
	EndGlobalSection
	GlobalSection(ProjectConfigurationPlatforms) = postSolution
		{8D0310A9-E388-442B-8FF2-A6FD2E661C89}.Debug|Any CPU.ActiveCfg = Debug|Any CPU
		{8D0310A9-E388-442B-8FF2-A6FD2E661C89}.Debug|Any CPU.Build.0 = Debug|Any CPU
		{8D0310A9-E388-442B-8FF2-A6FD2E661C89}.Release|Any CPU.ActiveCfg = Release|Any CPU
		{8D0310A9-E388-442B-8FF2-A6FD2E661C89}.Release|Any CPU.Build.0 = Release|Any CPU
		{27CA0D42-1409-4B5E-A6CC-2AB429C6A96E}.Debug|Any CPU.ActiveCfg = Debug|Any CPU
		{27CA0D42-1409-4B5E-A6CC-2AB429C6A96E}.Debug|Any CPU.Build.0 = Debug|Any CPU
		{27CA0D42-1409-4B5E-A6CC-2AB429C6A96E}.Release|Any CPU.ActiveCfg = Release|Any CPU
		{27CA0D42-1409-4B5E-A6CC-2AB429C6A96E}.Release|Any CPU.Build.0 = Release|Any CPU
		{D185E3AD-DF67-4F5F-9557-4AEA6B456259}.Debug|Any CPU.ActiveCfg = Debug|Any CPU
		{D185E3AD-DF67-4F5F-9557-4AEA6B456259}.Debug|Any CPU.Build.0 = Debug|Any CPU
		{D185E3AD-DF67-4F5F-9557-4AEA6B456259}.Release|Any CPU.ActiveCfg = Release|Any CPU
		{D185E3AD-DF67-4F5F-9557-4AEA6B456259}.Release|Any CPU.Build.0 = Release|Any CPU
		{8FB65A75-D17C-4C98-95A0-1DE25B485409}.Debug|Any CPU.ActiveCfg = Debug|Any CPU
		{8FB65A75-D17C-4C98-95A0-1DE25B485409}.Debug|Any CPU.Build.0 = Debug|Any CPU
		{8FB65A75-D17C-4C98-95A0-1DE25B485409}.Release|Any CPU.ActiveCfg = Release|Any CPU
		{8FB65A75-D17C-4C98-95A0-1DE25B485409}.Release|Any CPU.Build.0 = Release|Any CPU
	EndGlobalSection
	GlobalSection(SolutionProperties) = preSolution
		HideSolutionNode = FALSE
	EndGlobalSection
	GlobalSection(ExtensibilityGlobals) = postSolution
		SolutionGuid = {D281C903-F28D-4BF5-8743-EE8811C90B20}
	EndGlobalSection
EndGlobal
